
Microsoft Visual Studio Solution File, Format Version 12.00
# Visual Studio Version 17
VisualStudioVersion = 17.0.31903.59
MinimumVisualStudioVersion = 10.0.40219.1
Project("{2150E333-8FDC-42A3-9474-1A3956D46DE8}") = "src", "src", "{D9D3B8CB-1515-4646-8298-5B84F8F8E4AE}"
EndProject
Project("{FAE04EC0-301F-11D3-BF4B-00C04F79EFBC}") = "Devblogs.MicroWebFramework", "src\Devblogs.MicroWebFramework\Devblogs.MicroWebFramework.csproj", "{BF131DA2-910A-4C00-846E-C5799B3F0212}"
EndProject
Global
	GlobalSection(SolutionConfigurationPlatforms) = preSolution
		Debug|Any CPU = Debug|Any CPU
		Release|Any CPU = Release|Any CPU
	EndGlobalSection
	GlobalSection(SolutionProperties) = preSolution
		HideSolutionNode = FALSE
	EndGlobalSection
	GlobalSection(ProjectConfigurationPlatforms) = postSolution
		{BF131DA2-910A-4C00-846E-C5799B3F0212}.Debug|Any CPU.ActiveCfg = Debug|Any CPU
		{BF131DA2-910A-4C00-846E-C5799B3F0212}.Debug|Any CPU.Build.0 = Debug|Any CPU
		{BF131DA2-910A-4C00-846E-C5799B3F0212}.Release|Any CPU.ActiveCfg = Release|Any CPU
		{BF131DA2-910A-4C00-846E-C5799B3F0212}.Release|Any CPU.Build.0 = Release|Any CPU
	EndGlobalSection
	GlobalSection(NestedProjects) = preSolution
		{BF131DA2-910A-4C00-846E-C5799B3F0212} = {D9D3B8CB-1515-4646-8298-5B84F8F8E4AE}
	EndGlobalSection
EndGlobal
